
Microsoft Visual Studio Solution File, Format Version 12.00
# Visual Studio Version 17
VisualStudioVersion = 17.0.32112.339
MinimumVisualStudioVersion = 10.0.40219.1
Project("{2150E333-8FDC-42A3-9474-1A3956D46DE8}") = "IqSoft.CP.WebApplications", "IqSoft.CP.WebApplications", "{F90ED9A0-E1E8-43E7-B90B-36AC99AD4CE6}"
EndProject
Project("{2150E333-8FDC-42A3-9474-1A3956D46DE8}") = ".nuget", ".nuget", "{5D78EF2D-159D-4042-8EF7-028CE9B261E7}"
	ProjectSection(SolutionItems) = preProject
		.nuget\NuGet.Config = .nuget\NuGet.Config
		.nuget\NuGet.exe = .nuget\NuGet.exe
		.nuget\NuGet.targets = .nuget\NuGet.targets
	EndProjectSection
EndProject
Project("{2150E333-8FDC-42A3-9474-1A3956D46DE8}") = "IqSoft.CP.WindowsServices", "IqSoft.CP.WindowsServices", "{15A8E507-A923-4130-AC54-C78A8599B811}"
EndProject
Project("{2150E333-8FDC-42A3-9474-1A3956D46DE8}") = "IqSoft.CP.WebServices", "IqSoft.CP.WebServices", "{4DD717FE-735A-4B0C-8F48-B64778712C56}"
EndProject
Project("{FAE04EC0-301F-11D3-BF4B-00C04F79EFBC}") = "IqSoft.CP.AdminWebApi", "IqSoft.CP.AdminWebApi\IqSoft.CP.AdminWebApi.csproj", "{4D51ED54-45FA-4CB4-9C85-7EB3C5C085C7}"
EndProject
Project("{FAE04EC0-301F-11D3-BF4B-00C04F79EFBC}") = "IqSoft.CP.AgentWebApi", "IqSoft.CP.AgentWebApi\IqSoft.CP.AgentWebApi.csproj", "{393DE002-6944-4383-9BE3-0B988DD0F758}"
EndProject
Project("{FAE04EC0-301F-11D3-BF4B-00C04F79EFBC}") = "IqSoft.CP.BetShopGateway", "IqSoft.CP.BetShopGatewayWebApi\IqSoft.CP.BetShopGateway.csproj", "{82BFC8AD-4319-4467-9920-84624325B5F4}"
EndProject
Project("{FAE04EC0-301F-11D3-BF4B-00C04F79EFBC}") = "IqSoft.CP.BetShopWebApi", "IqSoft.CP.BetShopWebApi\IqSoft.CP.BetShopWebApi.csproj", "{B3EFDDFE-5A73-4019-A91A-F49DDC8A8C5D}"
EndProject
Project("{FAE04EC0-301F-11D3-BF4B-00C04F79EFBC}") = "IqSoft.CP.BLL", "IqSoft.CP.BLL\IqSoft.CP.BLL.csproj", "{9B254C04-813A-49B3-A641-8FEB591BD609}"
EndProject
Project("{FAE04EC0-301F-11D3-BF4B-00C04F79EFBC}") = "IqSoft.CP.Common", "IqSoft.CP.Common\IqSoft.CP.Common.csproj", "{AD52222E-E214-42F7-950A-1B9D9FDF70F9}"
EndProject
Project("{FAE04EC0-301F-11D3-BF4B-00C04F79EFBC}") = "IqSoft.CP.DAL", "IqSoft.CP.DAL\IqSoft.CP.DAL.csproj", "{E33DB226-1845-4621-8CD2-9D5DF921DCBF}"
EndProject
Project("{FAE04EC0-301F-11D3-BF4B-00C04F79EFBC}") = "IqSoft.CP.DistributionWebApi", "IqSoft.CP.DistributionWebApi\IqSoft.CP.DistributionWebApi.csproj", "{0B5B1C7D-1E4F-4303-96FE-B3E57BC93AF3}"
EndProject
Project("{FAE04EC0-301F-11D3-BF4B-00C04F79EFBC}") = "IqSoft.CP.Integration", "IqSoft.CP.Integration\IqSoft.CP.Integration.csproj", "{F9D17A93-66DE-4286-A3B0-D562E9B0A753}"
EndProject
Project("{FAE04EC0-301F-11D3-BF4B-00C04F79EFBC}") = "IqSoft.CP.IqWalletWebApi", "IqSoft.CP.IqWalletWebApi\IqSoft.CP.IqWalletWebApi.csproj", "{7F77FFC0-5AF6-44CE-8E84-157F1706F3C8}"
EndProject
Project("{FAE04EC0-301F-11D3-BF4B-00C04F79EFBC}") = "IqSoft.CP.JobService", "IqSoft.CP.JobService\IqSoft.CP.JobService.csproj", "{EE2087B1-724B-44E9-86BA-CFE556807B44}"
EndProject
Project("{FAE04EC0-301F-11D3-BF4B-00C04F79EFBC}") = "IqSoft.CP.MasterCacheWebApi", "IqSoft.CP.MasterCacheWebApi\IqSoft.CP.MasterCacheWebApi.csproj", "{5F0047A6-4F17-456B-8058-E36F0DA2DB3E}"
EndProject
Project("{FAE04EC0-301F-11D3-BF4B-00C04F79EFBC}") = "IqSoft.CP.PaymentGateway", "IqSoft.CP.PaymentGateway\IqSoft.CP.PaymentGateway.csproj", "{7D75E0CE-4B5D-40D7-B405-E9339775E1A9}"
EndProject
Project("{FAE04EC0-301F-11D3-BF4B-00C04F79EFBC}") = "IqSoft.CP.ProductGateway", "IqSoft.CP.ProductGateway\IqSoft.CP.ProductGateway.csproj", "{78D06299-83C1-4567-BAE2-A0D6EBDB0641}"
EndProject
Project("{9A19103F-16F7-4668-BE54-9A1E7A4F7556}") = "IqSoft.CP.WebSiteWebApi", "IqSoft.CP.WebSiteWebApi\IqSoft.CP.WebSiteWebApi.csproj", "{89426063-637A-4FE6-8403-FACE4D72F692}"
EndProject
Project("{9A19103F-16F7-4668-BE54-9A1E7A4F7556}") = "IqSoft.CP.CommonCore", "IqSoft.CP.CommonCore\IqSoft.CP.CommonCore.csproj", "{6853F752-D192-4833-9361-9B1146657244}"
EndProject
Project("{9A19103F-16F7-4668-BE54-9A1E7A4F7556}") = "IqSoft.CP.DALCore", "IqSoft.CP.DALCore\IqSoft.CP.DALCore.csproj", "{77181268-A44F-4A98-9229-82494CCA75B5}"
EndProject
Project("{9A19103F-16F7-4668-BE54-9A1E7A4F7556}") = "IqSoft.CP.BLLCore", "IqSoft.CP.BLLCore\IqSoft.CP.BLLCore.csproj", "{D6BDD486-EC09-4857-96D8-8AEF48AFA428}"
EndProject
Project("{9A19103F-16F7-4668-BE54-9A1E7A4F7556}") = "IqSoft.CP.IntegrationCore", "IqSoft.CP.IntegrationCore\IqSoft.CP.IntegrationCore.csproj", "{98A6B9A4-83AC-46C5-93AD-C5B3312F2B5A}"
EndProject
Project("{9A19103F-16F7-4668-BE54-9A1E7A4F7556}") = "IqSoft.CP.JobServicesCore", "IqSoft.CP.JobServicesCore\IqSoft.CP.JobServicesCore.csproj", "{E1948230-36AE-4F06-8636-78491CDF382F}"
EndProject
Project("{9A19103F-16F7-4668-BE54-9A1E7A4F7556}") = "IqSoft.CP.MasterCacheWebApiCore", "IqSoft.CP.MasterCacheWebApiCore\IqSoft.CP.MasterCacheWebApiCore.csproj", "{D1DC81E5-0AD6-47B5-9D42-734A4F793D3C}"
EndProject
Project("{2150E333-8FDC-42A3-9474-1A3956D46DE8}") = "UnitTesting", "UnitTesting", "{EED62B40-038C-4D97-BCC4-8742823C4EE4}"
EndProject
Project("{9A19103F-16F7-4668-BE54-9A1E7A4F7556}") = "IqSoft.CP.AutomationTest", "IqSoft.CP.AutomationTest\IqSoft.CP.AutomationTest.csproj", "{CAFCBD57-66BC-412F-9156-2BAFDDC8039F}"
EndProject
Project("{9A19103F-16F7-4668-BE54-9A1E7A4F7556}") = "IqSoft.CP.PaymentGatewayCore", "IqSoft.CP.PaymentGatewayCore\IqSoft.CP.PaymentGatewayCore.csproj", "{6187D255-B889-45B7-A876-A4A6ADEABC8D}"
EndProject
Project("{9A19103F-16F7-4668-BE54-9A1E7A4F7556}") = "IqSoft.CP.ProductGatewayCore", "IqSoft.CP.ProductGatewayCore\IqSoft.CP.ProductGatewayCore.csproj", "{D56D3E0C-F2B0-43EC-B71A-5AC8AAFFA997}"
EndProject
Project("{9A19103F-16F7-4668-BE54-9A1E7A4F7556}") = "IqSoft.CP.DistributionWebApiCore", "IqSoft.CP.DistributionWebApiCore\IqSoft.CP.DistributionWebApiCore.csproj", "{0E734A0C-80DC-4470-A232-86C2EC0D0285}"
EndProject
Project("{9A19103F-16F7-4668-BE54-9A1E7A4F7556}") = "IqSoft.CP.AdminWebApiCore", "IqSoft.CP.AdminWebApiCore\IqSoft.CP.AdminWebApiCore.csproj", "{135BD7EA-EB7A-4741-A0C6-8751A0517D35}"
EndProject
Project("{9A19103F-16F7-4668-BE54-9A1E7A4F7556}") = "IqSoft.CP.AgentWebApiCore", "IqSoft.CP.AgentWebApiCore\IqSoft.CP.AgentWebApiCore.csproj", "{2011BED4-9E46-4C2B-9345-13CB7CA69C11}"
EndProject
Project("{9A19103F-16F7-4668-BE54-9A1E7A4F7556}") = "IqSoft.CP.IqWalletWebApiCore", "IqSoft.CP.IqWalletWebApiCore\IqSoft.CP.IqWalletWebApiCore.csproj", "{559BB927-6D42-4E8C-AFED-32A7338B4020}"
EndProject
Project("{9A19103F-16F7-4668-BE54-9A1E7A4F7556}") = "IqSoft.CP.BetShopGatewayCore", "IqSoft.CP.BetShopGatewayCore\IqSoft.CP.BetShopGatewayCore.csproj", "{D53CCEC4-D149-404F-821B-679EC2A20598}"
EndProject
Project("{9A19103F-16F7-4668-BE54-9A1E7A4F7556}") = "IqSoft.CP.BetShopWebApiCore", "IqSoft.CP.BetShopWebApiCore\IqSoft.CP.BetShopWebApiCore.csproj", "{937E90DB-F86F-411C-9A3A-84B86970B47E}"
EndProject
Project("{FAE04EC0-301F-11D3-BF4B-00C04F79EFBC}") = "IqSoft.CP.DataManager", "IqSoft.CP.DataManager\IqSoft.CP.DataManager.csproj", "{DF03357C-215E-4DEC-ACD8-459BA9417AC4}"
EndProject
Project("{2150E333-8FDC-42A3-9474-1A3956D46DE8}") = "IqSoft.CP.ConsoleApplications", "IqSoft.CP.ConsoleApplications", "{515E37C7-527C-497C-BDC7-D62BADECCB3A}"
EndProject
Project("{FAE04EC0-301F-11D3-BF4B-00C04F79EFBC}") = "IqSoft.CP.DataWarehouse", "IqSoft.CP.DataWarehouse\IqSoft.CP.DataWarehouse.csproj", "{9D2EB44D-A574-4D17-8B4C-23433FCA6F38}"
EndProject
Project("{9A19103F-16F7-4668-BE54-9A1E7A4F7556}") = "IqSoft.CP.TerminalManager", "IqSoft.CP.TerminalManager\IqSoft.CP.TerminalManager.csproj", "{7314389F-89FC-4C61-A05C-34F80134C9CB}"
EndProject
Project("{2150E333-8FDC-42A3-9474-1A3956D46DE8}") = "IqSoft.CP.Db", "IqSoft.CP.Db", "{B8046CE4-2856-466F-A3CA-2433AFA250E1}"
EndProject
Global
	GlobalSection(SolutionConfigurationPlatforms) = preSolution
		Debug|Any CPU = Debug|Any CPU
		Debug|x64 = Debug|x64
		Debug|x86 = Debug|x86
		Release|Any CPU = Release|Any CPU
		Release|x64 = Release|x64
		Release|x86 = Release|x86
	EndGlobalSection
	GlobalSection(ProjectConfigurationPlatforms) = postSolution
		{4D51ED54-45FA-4CB4-9C85-7EB3C5C085C7}.Debug|Any CPU.ActiveCfg = Debug|Any CPU
		{4D51ED54-45FA-4CB4-9C85-7EB3C5C085C7}.Debug|Any CPU.Build.0 = Debug|Any CPU
		{4D51ED54-45FA-4CB4-9C85-7EB3C5C085C7}.Debug|x64.ActiveCfg = Debug|Any CPU
		{4D51ED54-45FA-4CB4-9C85-7EB3C5C085C7}.Debug|x64.Build.0 = Debug|Any CPU
		{4D51ED54-45FA-4CB4-9C85-7EB3C5C085C7}.Debug|x86.ActiveCfg = Debug|Any CPU
		{4D51ED54-45FA-4CB4-9C85-7EB3C5C085C7}.Debug|x86.Build.0 = Debug|Any CPU
		{4D51ED54-45FA-4CB4-9C85-7EB3C5C085C7}.Release|Any CPU.ActiveCfg = Release|Any CPU
		{4D51ED54-45FA-4CB4-9C85-7EB3C5C085C7}.Release|Any CPU.Build.0 = Release|Any CPU
		{4D51ED54-45FA-4CB4-9C85-7EB3C5C085C7}.Release|x64.ActiveCfg = Release|Any CPU
		{4D51ED54-45FA-4CB4-9C85-7EB3C5C085C7}.Release|x64.Build.0 = Release|Any CPU
		{4D51ED54-45FA-4CB4-9C85-7EB3C5C085C7}.Release|x86.ActiveCfg = Release|Any CPU
		{4D51ED54-45FA-4CB4-9C85-7EB3C5C085C7}.Release|x86.Build.0 = Release|Any CPU
		{393DE002-6944-4383-9BE3-0B988DD0F758}.Debug|Any CPU.ActiveCfg = Debug|Any CPU
		{393DE002-6944-4383-9BE3-0B988DD0F758}.Debug|Any CPU.Build.0 = Debug|Any CPU
		{393DE002-6944-4383-9BE3-0B988DD0F758}.Debug|x64.ActiveCfg = Debug|Any CPU
		{393DE002-6944-4383-9BE3-0B988DD0F758}.Debug|x64.Build.0 = Debug|Any CPU
		{393DE002-6944-4383-9BE3-0B988DD0F758}.Debug|x86.ActiveCfg = Debug|Any CPU
		{393DE002-6944-4383-9BE3-0B988DD0F758}.Debug|x86.Build.0 = Debug|Any CPU
		{393DE002-6944-4383-9BE3-0B988DD0F758}.Release|Any CPU.ActiveCfg = Release|Any CPU
		{393DE002-6944-4383-9BE3-0B988DD0F758}.Release|Any CPU.Build.0 = Release|Any CPU
		{393DE002-6944-4383-9BE3-0B988DD0F758}.Release|x64.ActiveCfg = Release|Any CPU
		{393DE002-6944-4383-9BE3-0B988DD0F758}.Release|x64.Build.0 = Release|Any CPU
		{393DE002-6944-4383-9BE3-0B988DD0F758}.Release|x86.ActiveCfg = Release|Any CPU
		{393DE002-6944-4383-9BE3-0B988DD0F758}.Release|x86.Build.0 = Release|Any CPU
		{82BFC8AD-4319-4467-9920-84624325B5F4}.Debug|Any CPU.ActiveCfg = Debug|Any CPU
		{82BFC8AD-4319-4467-9920-84624325B5F4}.Debug|Any CPU.Build.0 = Debug|Any CPU
		{82BFC8AD-4319-4467-9920-84624325B5F4}.Debug|x64.ActiveCfg = Debug|Any CPU
		{82BFC8AD-4319-4467-9920-84624325B5F4}.Debug|x64.Build.0 = Debug|Any CPU
		{82BFC8AD-4319-4467-9920-84624325B5F4}.Debug|x86.ActiveCfg = Debug|Any CPU
		{82BFC8AD-4319-4467-9920-84624325B5F4}.Debug|x86.Build.0 = Debug|Any CPU
		{82BFC8AD-4319-4467-9920-84624325B5F4}.Release|Any CPU.ActiveCfg = Release|Any CPU
		{82BFC8AD-4319-4467-9920-84624325B5F4}.Release|Any CPU.Build.0 = Release|Any CPU
		{82BFC8AD-4319-4467-9920-84624325B5F4}.Release|x64.ActiveCfg = Release|Any CPU
		{82BFC8AD-4319-4467-9920-84624325B5F4}.Release|x64.Build.0 = Release|Any CPU
		{82BFC8AD-4319-4467-9920-84624325B5F4}.Release|x86.ActiveCfg = Release|Any CPU
		{82BFC8AD-4319-4467-9920-84624325B5F4}.Release|x86.Build.0 = Release|Any CPU
		{B3EFDDFE-5A73-4019-A91A-F49DDC8A8C5D}.Debug|Any CPU.ActiveCfg = Debug|Any CPU
		{B3EFDDFE-5A73-4019-A91A-F49DDC8A8C5D}.Debug|Any CPU.Build.0 = Debug|Any CPU
		{B3EFDDFE-5A73-4019-A91A-F49DDC8A8C5D}.Debug|x64.ActiveCfg = Debug|Any CPU
		{B3EFDDFE-5A73-4019-A91A-F49DDC8A8C5D}.Debug|x64.Build.0 = Debug|Any CPU
		{B3EFDDFE-5A73-4019-A91A-F49DDC8A8C5D}.Debug|x86.ActiveCfg = Debug|Any CPU
		{B3EFDDFE-5A73-4019-A91A-F49DDC8A8C5D}.Debug|x86.Build.0 = Debug|Any CPU
		{B3EFDDFE-5A73-4019-A91A-F49DDC8A8C5D}.Release|Any CPU.ActiveCfg = Release|Any CPU
		{B3EFDDFE-5A73-4019-A91A-F49DDC8A8C5D}.Release|Any CPU.Build.0 = Release|Any CPU
		{B3EFDDFE-5A73-4019-A91A-F49DDC8A8C5D}.Release|x64.ActiveCfg = Release|Any CPU
		{B3EFDDFE-5A73-4019-A91A-F49DDC8A8C5D}.Release|x64.Build.0 = Release|Any CPU
		{B3EFDDFE-5A73-4019-A91A-F49DDC8A8C5D}.Release|x86.ActiveCfg = Release|Any CPU
		{B3EFDDFE-5A73-4019-A91A-F49DDC8A8C5D}.Release|x86.Build.0 = Release|Any CPU
		{9B254C04-813A-49B3-A641-8FEB591BD609}.Debug|Any CPU.ActiveCfg = Debug|Any CPU
		{9B254C04-813A-49B3-A641-8FEB591BD609}.Debug|Any CPU.Build.0 = Debug|Any CPU
		{9B254C04-813A-49B3-A641-8FEB591BD609}.Debug|x64.ActiveCfg = Debug|Any CPU
		{9B254C04-813A-49B3-A641-8FEB591BD609}.Debug|x64.Build.0 = Debug|Any CPU
		{9B254C04-813A-49B3-A641-8FEB591BD609}.Debug|x86.ActiveCfg = Debug|Any CPU
		{9B254C04-813A-49B3-A641-8FEB591BD609}.Debug|x86.Build.0 = Debug|Any CPU
		{9B254C04-813A-49B3-A641-8FEB591BD609}.Release|Any CPU.ActiveCfg = Release|Any CPU
		{9B254C04-813A-49B3-A641-8FEB591BD609}.Release|Any CPU.Build.0 = Release|Any CPU
		{9B254C04-813A-49B3-A641-8FEB591BD609}.Release|x64.ActiveCfg = Release|Any CPU
		{9B254C04-813A-49B3-A641-8FEB591BD609}.Release|x64.Build.0 = Release|Any CPU
		{9B254C04-813A-49B3-A641-8FEB591BD609}.Release|x86.ActiveCfg = Release|Any CPU
		{9B254C04-813A-49B3-A641-8FEB591BD609}.Release|x86.Build.0 = Release|Any CPU
		{AD52222E-E214-42F7-950A-1B9D9FDF70F9}.Debug|Any CPU.ActiveCfg = Debug|Any CPU
		{AD52222E-E214-42F7-950A-1B9D9FDF70F9}.Debug|Any CPU.Build.0 = Debug|Any CPU
		{AD52222E-E214-42F7-950A-1B9D9FDF70F9}.Debug|x64.ActiveCfg = Debug|Any CPU
		{AD52222E-E214-42F7-950A-1B9D9FDF70F9}.Debug|x64.Build.0 = Debug|Any CPU
		{AD52222E-E214-42F7-950A-1B9D9FDF70F9}.Debug|x86.ActiveCfg = Debug|Any CPU
		{AD52222E-E214-42F7-950A-1B9D9FDF70F9}.Debug|x86.Build.0 = Debug|Any CPU
		{AD52222E-E214-42F7-950A-1B9D9FDF70F9}.Release|Any CPU.ActiveCfg = Release|Any CPU
		{AD52222E-E214-42F7-950A-1B9D9FDF70F9}.Release|Any CPU.Build.0 = Release|Any CPU
		{AD52222E-E214-42F7-950A-1B9D9FDF70F9}.Release|x64.ActiveCfg = Release|Any CPU
		{AD52222E-E214-42F7-950A-1B9D9FDF70F9}.Release|x64.Build.0 = Release|Any CPU
		{AD52222E-E214-42F7-950A-1B9D9FDF70F9}.Release|x86.ActiveCfg = Release|Any CPU
		{AD52222E-E214-42F7-950A-1B9D9FDF70F9}.Release|x86.Build.0 = Release|Any CPU
		{E33DB226-1845-4621-8CD2-9D5DF921DCBF}.Debug|Any CPU.ActiveCfg = Debug|Any CPU
		{E33DB226-1845-4621-8CD2-9D5DF921DCBF}.Debug|Any CPU.Build.0 = Debug|Any CPU
		{E33DB226-1845-4621-8CD2-9D5DF921DCBF}.Debug|x64.ActiveCfg = Debug|Any CPU
		{E33DB226-1845-4621-8CD2-9D5DF921DCBF}.Debug|x64.Build.0 = Debug|Any CPU
		{E33DB226-1845-4621-8CD2-9D5DF921DCBF}.Debug|x86.ActiveCfg = Debug|Any CPU
		{E33DB226-1845-4621-8CD2-9D5DF921DCBF}.Debug|x86.Build.0 = Debug|Any CPU
		{E33DB226-1845-4621-8CD2-9D5DF921DCBF}.Release|Any CPU.ActiveCfg = Release|Any CPU
		{E33DB226-1845-4621-8CD2-9D5DF921DCBF}.Release|Any CPU.Build.0 = Release|Any CPU
		{E33DB226-1845-4621-8CD2-9D5DF921DCBF}.Release|x64.ActiveCfg = Release|Any CPU
		{E33DB226-1845-4621-8CD2-9D5DF921DCBF}.Release|x64.Build.0 = Release|Any CPU
		{E33DB226-1845-4621-8CD2-9D5DF921DCBF}.Release|x86.ActiveCfg = Release|Any CPU
		{E33DB226-1845-4621-8CD2-9D5DF921DCBF}.Release|x86.Build.0 = Release|Any CPU
		{0B5B1C7D-1E4F-4303-96FE-B3E57BC93AF3}.Debug|Any CPU.ActiveCfg = Debug|Any CPU
		{0B5B1C7D-1E4F-4303-96FE-B3E57BC93AF3}.Debug|Any CPU.Build.0 = Debug|Any CPU
		{0B5B1C7D-1E4F-4303-96FE-B3E57BC93AF3}.Debug|x64.ActiveCfg = Debug|Any CPU
		{0B5B1C7D-1E4F-4303-96FE-B3E57BC93AF3}.Debug|x64.Build.0 = Debug|Any CPU
		{0B5B1C7D-1E4F-4303-96FE-B3E57BC93AF3}.Debug|x86.ActiveCfg = Debug|Any CPU
		{0B5B1C7D-1E4F-4303-96FE-B3E57BC93AF3}.Debug|x86.Build.0 = Debug|Any CPU
		{0B5B1C7D-1E4F-4303-96FE-B3E57BC93AF3}.Release|Any CPU.ActiveCfg = Release|Any CPU
		{0B5B1C7D-1E4F-4303-96FE-B3E57BC93AF3}.Release|Any CPU.Build.0 = Release|Any CPU
		{0B5B1C7D-1E4F-4303-96FE-B3E57BC93AF3}.Release|x64.ActiveCfg = Release|Any CPU
		{0B5B1C7D-1E4F-4303-96FE-B3E57BC93AF3}.Release|x64.Build.0 = Release|Any CPU
		{0B5B1C7D-1E4F-4303-96FE-B3E57BC93AF3}.Release|x86.ActiveCfg = Release|Any CPU
		{0B5B1C7D-1E4F-4303-96FE-B3E57BC93AF3}.Release|x86.Build.0 = Release|Any CPU
		{F9D17A93-66DE-4286-A3B0-D562E9B0A753}.Debug|Any CPU.ActiveCfg = Debug|Any CPU
		{F9D17A93-66DE-4286-A3B0-D562E9B0A753}.Debug|Any CPU.Build.0 = Debug|Any CPU
		{F9D17A93-66DE-4286-A3B0-D562E9B0A753}.Debug|x64.ActiveCfg = Debug|Any CPU
		{F9D17A93-66DE-4286-A3B0-D562E9B0A753}.Debug|x64.Build.0 = Debug|Any CPU
		{F9D17A93-66DE-4286-A3B0-D562E9B0A753}.Debug|x86.ActiveCfg = Debug|Any CPU
		{F9D17A93-66DE-4286-A3B0-D562E9B0A753}.Debug|x86.Build.0 = Debug|Any CPU
		{F9D17A93-66DE-4286-A3B0-D562E9B0A753}.Release|Any CPU.ActiveCfg = Release|Any CPU
		{F9D17A93-66DE-4286-A3B0-D562E9B0A753}.Release|Any CPU.Build.0 = Release|Any CPU
		{F9D17A93-66DE-4286-A3B0-D562E9B0A753}.Release|x64.ActiveCfg = Release|Any CPU
		{F9D17A93-66DE-4286-A3B0-D562E9B0A753}.Release|x64.Build.0 = Release|Any CPU
		{F9D17A93-66DE-4286-A3B0-D562E9B0A753}.Release|x86.ActiveCfg = Release|Any CPU
		{F9D17A93-66DE-4286-A3B0-D562E9B0A753}.Release|x86.Build.0 = Release|Any CPU
		{7F77FFC0-5AF6-44CE-8E84-157F1706F3C8}.Debug|Any CPU.ActiveCfg = Debug|Any CPU
		{7F77FFC0-5AF6-44CE-8E84-157F1706F3C8}.Debug|Any CPU.Build.0 = Debug|Any CPU
		{7F77FFC0-5AF6-44CE-8E84-157F1706F3C8}.Debug|x64.ActiveCfg = Debug|Any CPU
		{7F77FFC0-5AF6-44CE-8E84-157F1706F3C8}.Debug|x64.Build.0 = Debug|Any CPU
		{7F77FFC0-5AF6-44CE-8E84-157F1706F3C8}.Debug|x86.ActiveCfg = Debug|Any CPU
		{7F77FFC0-5AF6-44CE-8E84-157F1706F3C8}.Debug|x86.Build.0 = Debug|Any CPU
		{7F77FFC0-5AF6-44CE-8E84-157F1706F3C8}.Release|Any CPU.ActiveCfg = Release|Any CPU
		{7F77FFC0-5AF6-44CE-8E84-157F1706F3C8}.Release|Any CPU.Build.0 = Release|Any CPU
		{7F77FFC0-5AF6-44CE-8E84-157F1706F3C8}.Release|x64.ActiveCfg = Release|Any CPU
		{7F77FFC0-5AF6-44CE-8E84-157F1706F3C8}.Release|x64.Build.0 = Release|Any CPU
		{7F77FFC0-5AF6-44CE-8E84-157F1706F3C8}.Release|x86.ActiveCfg = Release|Any CPU
		{7F77FFC0-5AF6-44CE-8E84-157F1706F3C8}.Release|x86.Build.0 = Release|Any CPU
		{EE2087B1-724B-44E9-86BA-CFE556807B44}.Debug|Any CPU.ActiveCfg = Debug|Any CPU
		{EE2087B1-724B-44E9-86BA-CFE556807B44}.Debug|Any CPU.Build.0 = Debug|Any CPU
		{EE2087B1-724B-44E9-86BA-CFE556807B44}.Debug|x64.ActiveCfg = Debug|Any CPU
		{EE2087B1-724B-44E9-86BA-CFE556807B44}.Debug|x64.Build.0 = Debug|Any CPU
		{EE2087B1-724B-44E9-86BA-CFE556807B44}.Debug|x86.ActiveCfg = Debug|Any CPU
		{EE2087B1-724B-44E9-86BA-CFE556807B44}.Debug|x86.Build.0 = Debug|Any CPU
		{EE2087B1-724B-44E9-86BA-CFE556807B44}.Release|Any CPU.ActiveCfg = Release|Any CPU
		{EE2087B1-724B-44E9-86BA-CFE556807B44}.Release|Any CPU.Build.0 = Release|Any CPU
		{EE2087B1-724B-44E9-86BA-CFE556807B44}.Release|x64.ActiveCfg = Release|Any CPU
		{EE2087B1-724B-44E9-86BA-CFE556807B44}.Release|x64.Build.0 = Release|Any CPU
		{EE2087B1-724B-44E9-86BA-CFE556807B44}.Release|x86.ActiveCfg = Release|Any CPU
		{EE2087B1-724B-44E9-86BA-CFE556807B44}.Release|x86.Build.0 = Release|Any CPU
		{5F0047A6-4F17-456B-8058-E36F0DA2DB3E}.Debug|Any CPU.ActiveCfg = Debug|Any CPU
		{5F0047A6-4F17-456B-8058-E36F0DA2DB3E}.Debug|Any CPU.Build.0 = Debug|Any CPU
		{5F0047A6-4F17-456B-8058-E36F0DA2DB3E}.Debug|x64.ActiveCfg = Debug|Any CPU
		{5F0047A6-4F17-456B-8058-E36F0DA2DB3E}.Debug|x64.Build.0 = Debug|Any CPU
		{5F0047A6-4F17-456B-8058-E36F0DA2DB3E}.Debug|x86.ActiveCfg = Debug|Any CPU
		{5F0047A6-4F17-456B-8058-E36F0DA2DB3E}.Debug|x86.Build.0 = Debug|Any CPU
		{5F0047A6-4F17-456B-8058-E36F0DA2DB3E}.Release|Any CPU.ActiveCfg = Release|Any CPU
		{5F0047A6-4F17-456B-8058-E36F0DA2DB3E}.Release|Any CPU.Build.0 = Release|Any CPU
		{5F0047A6-4F17-456B-8058-E36F0DA2DB3E}.Release|x64.ActiveCfg = Release|Any CPU
		{5F0047A6-4F17-456B-8058-E36F0DA2DB3E}.Release|x64.Build.0 = Release|Any CPU
		{5F0047A6-4F17-456B-8058-E36F0DA2DB3E}.Release|x86.ActiveCfg = Release|Any CPU
		{5F0047A6-4F17-456B-8058-E36F0DA2DB3E}.Release|x86.Build.0 = Release|Any CPU
		{7D75E0CE-4B5D-40D7-B405-E9339775E1A9}.Debug|Any CPU.ActiveCfg = Debug|Any CPU
		{7D75E0CE-4B5D-40D7-B405-E9339775E1A9}.Debug|Any CPU.Build.0 = Debug|Any CPU
		{7D75E0CE-4B5D-40D7-B405-E9339775E1A9}.Debug|x64.ActiveCfg = Debug|Any CPU
		{7D75E0CE-4B5D-40D7-B405-E9339775E1A9}.Debug|x64.Build.0 = Debug|Any CPU
		{7D75E0CE-4B5D-40D7-B405-E9339775E1A9}.Debug|x86.ActiveCfg = Debug|Any CPU
		{7D75E0CE-4B5D-40D7-B405-E9339775E1A9}.Debug|x86.Build.0 = Debug|Any CPU
		{7D75E0CE-4B5D-40D7-B405-E9339775E1A9}.Release|Any CPU.ActiveCfg = Release|Any CPU
		{7D75E0CE-4B5D-40D7-B405-E9339775E1A9}.Release|Any CPU.Build.0 = Release|Any CPU
		{7D75E0CE-4B5D-40D7-B405-E9339775E1A9}.Release|x64.ActiveCfg = Release|Any CPU
		{7D75E0CE-4B5D-40D7-B405-E9339775E1A9}.Release|x64.Build.0 = Release|Any CPU
		{7D75E0CE-4B5D-40D7-B405-E9339775E1A9}.Release|x86.ActiveCfg = Release|Any CPU
		{7D75E0CE-4B5D-40D7-B405-E9339775E1A9}.Release|x86.Build.0 = Release|Any CPU
		{78D06299-83C1-4567-BAE2-A0D6EBDB0641}.Debug|Any CPU.ActiveCfg = Debug|Any CPU
		{78D06299-83C1-4567-BAE2-A0D6EBDB0641}.Debug|Any CPU.Build.0 = Debug|Any CPU
		{78D06299-83C1-4567-BAE2-A0D6EBDB0641}.Debug|x64.ActiveCfg = Debug|Any CPU
		{78D06299-83C1-4567-BAE2-A0D6EBDB0641}.Debug|x64.Build.0 = Debug|Any CPU
		{78D06299-83C1-4567-BAE2-A0D6EBDB0641}.Debug|x86.ActiveCfg = Debug|Any CPU
		{78D06299-83C1-4567-BAE2-A0D6EBDB0641}.Debug|x86.Build.0 = Debug|Any CPU
		{78D06299-83C1-4567-BAE2-A0D6EBDB0641}.Release|Any CPU.ActiveCfg = Release|Any CPU
		{78D06299-83C1-4567-BAE2-A0D6EBDB0641}.Release|Any CPU.Build.0 = Release|Any CPU
		{78D06299-83C1-4567-BAE2-A0D6EBDB0641}.Release|x64.ActiveCfg = Release|Any CPU
		{78D06299-83C1-4567-BAE2-A0D6EBDB0641}.Release|x64.Build.0 = Release|Any CPU
		{78D06299-83C1-4567-BAE2-A0D6EBDB0641}.Release|x86.ActiveCfg = Release|Any CPU
		{78D06299-83C1-4567-BAE2-A0D6EBDB0641}.Release|x86.Build.0 = Release|Any CPU
		{89426063-637A-4FE6-8403-FACE4D72F692}.Debug|Any CPU.ActiveCfg = Debug|Any CPU
		{89426063-637A-4FE6-8403-FACE4D72F692}.Debug|Any CPU.Build.0 = Debug|Any CPU
		{89426063-637A-4FE6-8403-FACE4D72F692}.Debug|x64.ActiveCfg = Debug|Any CPU
		{89426063-637A-4FE6-8403-FACE4D72F692}.Debug|x64.Build.0 = Debug|Any CPU
		{89426063-637A-4FE6-8403-FACE4D72F692}.Debug|x86.ActiveCfg = Debug|Any CPU
		{89426063-637A-4FE6-8403-FACE4D72F692}.Debug|x86.Build.0 = Debug|Any CPU
		{89426063-637A-4FE6-8403-FACE4D72F692}.Release|Any CPU.ActiveCfg = Release|Any CPU
		{89426063-637A-4FE6-8403-FACE4D72F692}.Release|Any CPU.Build.0 = Release|Any CPU
		{89426063-637A-4FE6-8403-FACE4D72F692}.Release|x64.ActiveCfg = Release|Any CPU
		{89426063-637A-4FE6-8403-FACE4D72F692}.Release|x64.Build.0 = Release|Any CPU
		{89426063-637A-4FE6-8403-FACE4D72F692}.Release|x86.ActiveCfg = Release|Any CPU
		{89426063-637A-4FE6-8403-FACE4D72F692}.Release|x86.Build.0 = Release|Any CPU
		{6853F752-D192-4833-9361-9B1146657244}.Debug|Any CPU.ActiveCfg = Debug|Any CPU
		{6853F752-D192-4833-9361-9B1146657244}.Debug|Any CPU.Build.0 = Debug|Any CPU
		{6853F752-D192-4833-9361-9B1146657244}.Debug|x64.ActiveCfg = Debug|Any CPU
		{6853F752-D192-4833-9361-9B1146657244}.Debug|x64.Build.0 = Debug|Any CPU
		{6853F752-D192-4833-9361-9B1146657244}.Debug|x86.ActiveCfg = Debug|Any CPU
		{6853F752-D192-4833-9361-9B1146657244}.Debug|x86.Build.0 = Debug|Any CPU
		{6853F752-D192-4833-9361-9B1146657244}.Release|Any CPU.ActiveCfg = Release|Any CPU
		{6853F752-D192-4833-9361-9B1146657244}.Release|Any CPU.Build.0 = Release|Any CPU
		{6853F752-D192-4833-9361-9B1146657244}.Release|x64.ActiveCfg = Release|Any CPU
		{6853F752-D192-4833-9361-9B1146657244}.Release|x64.Build.0 = Release|Any CPU
		{6853F752-D192-4833-9361-9B1146657244}.Release|x86.ActiveCfg = Release|Any CPU
		{6853F752-D192-4833-9361-9B1146657244}.Release|x86.Build.0 = Release|Any CPU
		{77181268-A44F-4A98-9229-82494CCA75B5}.Debug|Any CPU.ActiveCfg = Debug|Any CPU
		{77181268-A44F-4A98-9229-82494CCA75B5}.Debug|Any CPU.Build.0 = Debug|Any CPU
		{77181268-A44F-4A98-9229-82494CCA75B5}.Debug|x64.ActiveCfg = Debug|Any CPU
		{77181268-A44F-4A98-9229-82494CCA75B5}.Debug|x64.Build.0 = Debug|Any CPU
		{77181268-A44F-4A98-9229-82494CCA75B5}.Debug|x86.ActiveCfg = Debug|Any CPU
		{77181268-A44F-4A98-9229-82494CCA75B5}.Debug|x86.Build.0 = Debug|Any CPU
		{77181268-A44F-4A98-9229-82494CCA75B5}.Release|Any CPU.ActiveCfg = Release|Any CPU
		{77181268-A44F-4A98-9229-82494CCA75B5}.Release|Any CPU.Build.0 = Release|Any CPU
		{77181268-A44F-4A98-9229-82494CCA75B5}.Release|x64.ActiveCfg = Release|Any CPU
		{77181268-A44F-4A98-9229-82494CCA75B5}.Release|x64.Build.0 = Release|Any CPU
		{77181268-A44F-4A98-9229-82494CCA75B5}.Release|x86.ActiveCfg = Release|Any CPU
		{77181268-A44F-4A98-9229-82494CCA75B5}.Release|x86.Build.0 = Release|Any CPU
		{D6BDD486-EC09-4857-96D8-8AEF48AFA428}.Debug|Any CPU.ActiveCfg = Debug|Any CPU
		{D6BDD486-EC09-4857-96D8-8AEF48AFA428}.Debug|Any CPU.Build.0 = Debug|Any CPU
		{D6BDD486-EC09-4857-96D8-8AEF48AFA428}.Debug|x64.ActiveCfg = Debug|Any CPU
		{D6BDD486-EC09-4857-96D8-8AEF48AFA428}.Debug|x64.Build.0 = Debug|Any CPU
		{D6BDD486-EC09-4857-96D8-8AEF48AFA428}.Debug|x86.ActiveCfg = Debug|Any CPU
		{D6BDD486-EC09-4857-96D8-8AEF48AFA428}.Debug|x86.Build.0 = Debug|Any CPU
		{D6BDD486-EC09-4857-96D8-8AEF48AFA428}.Release|Any CPU.ActiveCfg = Release|Any CPU
		{D6BDD486-EC09-4857-96D8-8AEF48AFA428}.Release|Any CPU.Build.0 = Release|Any CPU
		{D6BDD486-EC09-4857-96D8-8AEF48AFA428}.Release|x64.ActiveCfg = Release|Any CPU
		{D6BDD486-EC09-4857-96D8-8AEF48AFA428}.Release|x64.Build.0 = Release|Any CPU
		{D6BDD486-EC09-4857-96D8-8AEF48AFA428}.Release|x86.ActiveCfg = Release|Any CPU
		{D6BDD486-EC09-4857-96D8-8AEF48AFA428}.Release|x86.Build.0 = Release|Any CPU
		{98A6B9A4-83AC-46C5-93AD-C5B3312F2B5A}.Debug|Any CPU.ActiveCfg = Debug|Any CPU
		{98A6B9A4-83AC-46C5-93AD-C5B3312F2B5A}.Debug|Any CPU.Build.0 = Debug|Any CPU
		{98A6B9A4-83AC-46C5-93AD-C5B3312F2B5A}.Debug|x64.ActiveCfg = Debug|Any CPU
		{98A6B9A4-83AC-46C5-93AD-C5B3312F2B5A}.Debug|x64.Build.0 = Debug|Any CPU
		{98A6B9A4-83AC-46C5-93AD-C5B3312F2B5A}.Debug|x86.ActiveCfg = Debug|Any CPU
		{98A6B9A4-83AC-46C5-93AD-C5B3312F2B5A}.Debug|x86.Build.0 = Debug|Any CPU
		{98A6B9A4-83AC-46C5-93AD-C5B3312F2B5A}.Release|Any CPU.ActiveCfg = Release|Any CPU
		{98A6B9A4-83AC-46C5-93AD-C5B3312F2B5A}.Release|Any CPU.Build.0 = Release|Any CPU
		{98A6B9A4-83AC-46C5-93AD-C5B3312F2B5A}.Release|x64.ActiveCfg = Release|Any CPU
		{98A6B9A4-83AC-46C5-93AD-C5B3312F2B5A}.Release|x64.Build.0 = Release|Any CPU
		{98A6B9A4-83AC-46C5-93AD-C5B3312F2B5A}.Release|x86.ActiveCfg = Release|Any CPU
		{98A6B9A4-83AC-46C5-93AD-C5B3312F2B5A}.Release|x86.Build.0 = Release|Any CPU
		{E1948230-36AE-4F06-8636-78491CDF382F}.Debug|Any CPU.ActiveCfg = Debug|Any CPU
		{E1948230-36AE-4F06-8636-78491CDF382F}.Debug|Any CPU.Build.0 = Debug|Any CPU
		{E1948230-36AE-4F06-8636-78491CDF382F}.Debug|x64.ActiveCfg = Debug|Any CPU
		{E1948230-36AE-4F06-8636-78491CDF382F}.Debug|x64.Build.0 = Debug|Any CPU
		{E1948230-36AE-4F06-8636-78491CDF382F}.Debug|x86.ActiveCfg = Debug|Any CPU
		{E1948230-36AE-4F06-8636-78491CDF382F}.Debug|x86.Build.0 = Debug|Any CPU
		{E1948230-36AE-4F06-8636-78491CDF382F}.Release|Any CPU.ActiveCfg = Release|Any CPU
		{E1948230-36AE-4F06-8636-78491CDF382F}.Release|Any CPU.Build.0 = Release|Any CPU
		{E1948230-36AE-4F06-8636-78491CDF382F}.Release|x64.ActiveCfg = Release|Any CPU
		{E1948230-36AE-4F06-8636-78491CDF382F}.Release|x64.Build.0 = Release|Any CPU
		{E1948230-36AE-4F06-8636-78491CDF382F}.Release|x86.ActiveCfg = Release|Any CPU
		{E1948230-36AE-4F06-8636-78491CDF382F}.Release|x86.Build.0 = Release|Any CPU
		{D1DC81E5-0AD6-47B5-9D42-734A4F793D3C}.Debug|Any CPU.ActiveCfg = Debug|Any CPU
		{D1DC81E5-0AD6-47B5-9D42-734A4F793D3C}.Debug|Any CPU.Build.0 = Debug|Any CPU
		{D1DC81E5-0AD6-47B5-9D42-734A4F793D3C}.Debug|x64.ActiveCfg = Debug|Any CPU
		{D1DC81E5-0AD6-47B5-9D42-734A4F793D3C}.Debug|x64.Build.0 = Debug|Any CPU
		{D1DC81E5-0AD6-47B5-9D42-734A4F793D3C}.Debug|x86.ActiveCfg = Debug|Any CPU
		{D1DC81E5-0AD6-47B5-9D42-734A4F793D3C}.Debug|x86.Build.0 = Debug|Any CPU
		{D1DC81E5-0AD6-47B5-9D42-734A4F793D3C}.Release|Any CPU.ActiveCfg = Release|Any CPU
		{D1DC81E5-0AD6-47B5-9D42-734A4F793D3C}.Release|Any CPU.Build.0 = Release|Any CPU
		{D1DC81E5-0AD6-47B5-9D42-734A4F793D3C}.Release|x64.ActiveCfg = Release|Any CPU
		{D1DC81E5-0AD6-47B5-9D42-734A4F793D3C}.Release|x64.Build.0 = Release|Any CPU
		{D1DC81E5-0AD6-47B5-9D42-734A4F793D3C}.Release|x86.ActiveCfg = Release|Any CPU
		{D1DC81E5-0AD6-47B5-9D42-734A4F793D3C}.Release|x86.Build.0 = Release|Any CPU
		{CAFCBD57-66BC-412F-9156-2BAFDDC8039F}.Debug|Any CPU.ActiveCfg = Debug|Any CPU
		{CAFCBD57-66BC-412F-9156-2BAFDDC8039F}.Debug|Any CPU.Build.0 = Debug|Any CPU
		{CAFCBD57-66BC-412F-9156-2BAFDDC8039F}.Debug|x64.ActiveCfg = Debug|Any CPU
		{CAFCBD57-66BC-412F-9156-2BAFDDC8039F}.Debug|x64.Build.0 = Debug|Any CPU
		{CAFCBD57-66BC-412F-9156-2BAFDDC8039F}.Debug|x86.ActiveCfg = Debug|Any CPU
		{CAFCBD57-66BC-412F-9156-2BAFDDC8039F}.Debug|x86.Build.0 = Debug|Any CPU
		{CAFCBD57-66BC-412F-9156-2BAFDDC8039F}.Release|Any CPU.ActiveCfg = Release|Any CPU
		{CAFCBD57-66BC-412F-9156-2BAFDDC8039F}.Release|Any CPU.Build.0 = Release|Any CPU
		{CAFCBD57-66BC-412F-9156-2BAFDDC8039F}.Release|x64.ActiveCfg = Release|Any CPU
		{CAFCBD57-66BC-412F-9156-2BAFDDC8039F}.Release|x64.Build.0 = Release|Any CPU
		{CAFCBD57-66BC-412F-9156-2BAFDDC8039F}.Release|x86.ActiveCfg = Release|Any CPU
		{CAFCBD57-66BC-412F-9156-2BAFDDC8039F}.Release|x86.Build.0 = Release|Any CPU
		{6187D255-B889-45B7-A876-A4A6ADEABC8D}.Debug|Any CPU.ActiveCfg = Debug|Any CPU
		{6187D255-B889-45B7-A876-A4A6ADEABC8D}.Debug|Any CPU.Build.0 = Debug|Any CPU
		{6187D255-B889-45B7-A876-A4A6ADEABC8D}.Debug|x64.ActiveCfg = Debug|Any CPU
		{6187D255-B889-45B7-A876-A4A6ADEABC8D}.Debug|x64.Build.0 = Debug|Any CPU
		{6187D255-B889-45B7-A876-A4A6ADEABC8D}.Debug|x86.ActiveCfg = Debug|Any CPU
		{6187D255-B889-45B7-A876-A4A6ADEABC8D}.Debug|x86.Build.0 = Debug|Any CPU
		{6187D255-B889-45B7-A876-A4A6ADEABC8D}.Release|Any CPU.ActiveCfg = Release|Any CPU
		{6187D255-B889-45B7-A876-A4A6ADEABC8D}.Release|Any CPU.Build.0 = Release|Any CPU
		{6187D255-B889-45B7-A876-A4A6ADEABC8D}.Release|x64.ActiveCfg = Release|Any CPU
		{6187D255-B889-45B7-A876-A4A6ADEABC8D}.Release|x64.Build.0 = Release|Any CPU
		{6187D255-B889-45B7-A876-A4A6ADEABC8D}.Release|x86.ActiveCfg = Release|Any CPU
		{6187D255-B889-45B7-A876-A4A6ADEABC8D}.Release|x86.Build.0 = Release|Any CPU
		{D56D3E0C-F2B0-43EC-B71A-5AC8AAFFA997}.Debug|Any CPU.ActiveCfg = Debug|Any CPU
		{D56D3E0C-F2B0-43EC-B71A-5AC8AAFFA997}.Debug|Any CPU.Build.0 = Debug|Any CPU
		{D56D3E0C-F2B0-43EC-B71A-5AC8AAFFA997}.Debug|x64.ActiveCfg = Debug|Any CPU
		{D56D3E0C-F2B0-43EC-B71A-5AC8AAFFA997}.Debug|x64.Build.0 = Debug|Any CPU
		{D56D3E0C-F2B0-43EC-B71A-5AC8AAFFA997}.Debug|x86.ActiveCfg = Debug|Any CPU
		{D56D3E0C-F2B0-43EC-B71A-5AC8AAFFA997}.Debug|x86.Build.0 = Debug|Any CPU
		{D56D3E0C-F2B0-43EC-B71A-5AC8AAFFA997}.Release|Any CPU.ActiveCfg = Release|Any CPU
		{D56D3E0C-F2B0-43EC-B71A-5AC8AAFFA997}.Release|Any CPU.Build.0 = Release|Any CPU
		{D56D3E0C-F2B0-43EC-B71A-5AC8AAFFA997}.Release|x64.ActiveCfg = Release|Any CPU
		{D56D3E0C-F2B0-43EC-B71A-5AC8AAFFA997}.Release|x64.Build.0 = Release|Any CPU
		{D56D3E0C-F2B0-43EC-B71A-5AC8AAFFA997}.Release|x86.ActiveCfg = Release|Any CPU
		{D56D3E0C-F2B0-43EC-B71A-5AC8AAFFA997}.Release|x86.Build.0 = Release|Any CPU
		{0E734A0C-80DC-4470-A232-86C2EC0D0285}.Debug|Any CPU.ActiveCfg = Debug|Any CPU
		{0E734A0C-80DC-4470-A232-86C2EC0D0285}.Debug|Any CPU.Build.0 = Debug|Any CPU
		{0E734A0C-80DC-4470-A232-86C2EC0D0285}.Debug|x64.ActiveCfg = Debug|Any CPU
		{0E734A0C-80DC-4470-A232-86C2EC0D0285}.Debug|x64.Build.0 = Debug|Any CPU
		{0E734A0C-80DC-4470-A232-86C2EC0D0285}.Debug|x86.ActiveCfg = Debug|Any CPU
		{0E734A0C-80DC-4470-A232-86C2EC0D0285}.Debug|x86.Build.0 = Debug|Any CPU
		{0E734A0C-80DC-4470-A232-86C2EC0D0285}.Release|Any CPU.ActiveCfg = Release|Any CPU
		{0E734A0C-80DC-4470-A232-86C2EC0D0285}.Release|Any CPU.Build.0 = Release|Any CPU
		{0E734A0C-80DC-4470-A232-86C2EC0D0285}.Release|x64.ActiveCfg = Release|Any CPU
		{0E734A0C-80DC-4470-A232-86C2EC0D0285}.Release|x64.Build.0 = Release|Any CPU
		{0E734A0C-80DC-4470-A232-86C2EC0D0285}.Release|x86.ActiveCfg = Release|Any CPU
		{0E734A0C-80DC-4470-A232-86C2EC0D0285}.Release|x86.Build.0 = Release|Any CPU
		{135BD7EA-EB7A-4741-A0C6-8751A0517D35}.Debug|Any CPU.ActiveCfg = Debug|Any CPU
		{135BD7EA-EB7A-4741-A0C6-8751A0517D35}.Debug|Any CPU.Build.0 = Debug|Any CPU
		{135BD7EA-EB7A-4741-A0C6-8751A0517D35}.Debug|x64.ActiveCfg = Debug|Any CPU
		{135BD7EA-EB7A-4741-A0C6-8751A0517D35}.Debug|x64.Build.0 = Debug|Any CPU
		{135BD7EA-EB7A-4741-A0C6-8751A0517D35}.Debug|x86.ActiveCfg = Debug|Any CPU
		{135BD7EA-EB7A-4741-A0C6-8751A0517D35}.Debug|x86.Build.0 = Debug|Any CPU
		{135BD7EA-EB7A-4741-A0C6-8751A0517D35}.Release|Any CPU.ActiveCfg = Release|Any CPU
		{135BD7EA-EB7A-4741-A0C6-8751A0517D35}.Release|Any CPU.Build.0 = Release|Any CPU
		{135BD7EA-EB7A-4741-A0C6-8751A0517D35}.Release|x64.ActiveCfg = Release|Any CPU
		{135BD7EA-EB7A-4741-A0C6-8751A0517D35}.Release|x64.Build.0 = Release|Any CPU
		{135BD7EA-EB7A-4741-A0C6-8751A0517D35}.Release|x86.ActiveCfg = Release|Any CPU
		{135BD7EA-EB7A-4741-A0C6-8751A0517D35}.Release|x86.Build.0 = Release|Any CPU
		{2011BED4-9E46-4C2B-9345-13CB7CA69C11}.Debug|Any CPU.ActiveCfg = Debug|Any CPU
		{2011BED4-9E46-4C2B-9345-13CB7CA69C11}.Debug|Any CPU.Build.0 = Debug|Any CPU
		{2011BED4-9E46-4C2B-9345-13CB7CA69C11}.Debug|x64.ActiveCfg = Debug|Any CPU
		{2011BED4-9E46-4C2B-9345-13CB7CA69C11}.Debug|x64.Build.0 = Debug|Any CPU
		{2011BED4-9E46-4C2B-9345-13CB7CA69C11}.Debug|x86.ActiveCfg = Debug|Any CPU
		{2011BED4-9E46-4C2B-9345-13CB7CA69C11}.Debug|x86.Build.0 = Debug|Any CPU
		{2011BED4-9E46-4C2B-9345-13CB7CA69C11}.Release|Any CPU.ActiveCfg = Release|Any CPU
		{2011BED4-9E46-4C2B-9345-13CB7CA69C11}.Release|Any CPU.Build.0 = Release|Any CPU
		{2011BED4-9E46-4C2B-9345-13CB7CA69C11}.Release|x64.ActiveCfg = Release|Any CPU
		{2011BED4-9E46-4C2B-9345-13CB7CA69C11}.Release|x64.Build.0 = Release|Any CPU
		{2011BED4-9E46-4C2B-9345-13CB7CA69C11}.Release|x86.ActiveCfg = Release|Any CPU
		{2011BED4-9E46-4C2B-9345-13CB7CA69C11}.Release|x86.Build.0 = Release|Any CPU
		{559BB927-6D42-4E8C-AFED-32A7338B4020}.Debug|Any CPU.ActiveCfg = Debug|Any CPU
		{559BB927-6D42-4E8C-AFED-32A7338B4020}.Debug|Any CPU.Build.0 = Debug|Any CPU
		{559BB927-6D42-4E8C-AFED-32A7338B4020}.Debug|x64.ActiveCfg = Debug|Any CPU
		{559BB927-6D42-4E8C-AFED-32A7338B4020}.Debug|x64.Build.0 = Debug|Any CPU
		{559BB927-6D42-4E8C-AFED-32A7338B4020}.Debug|x86.ActiveCfg = Debug|Any CPU
		{559BB927-6D42-4E8C-AFED-32A7338B4020}.Debug|x86.Build.0 = Debug|Any CPU
		{559BB927-6D42-4E8C-AFED-32A7338B4020}.Release|Any CPU.ActiveCfg = Release|Any CPU
		{559BB927-6D42-4E8C-AFED-32A7338B4020}.Release|Any CPU.Build.0 = Release|Any CPU
		{559BB927-6D42-4E8C-AFED-32A7338B4020}.Release|x64.ActiveCfg = Release|Any CPU
		{559BB927-6D42-4E8C-AFED-32A7338B4020}.Release|x64.Build.0 = Release|Any CPU
		{559BB927-6D42-4E8C-AFED-32A7338B4020}.Release|x86.ActiveCfg = Release|Any CPU
		{559BB927-6D42-4E8C-AFED-32A7338B4020}.Release|x86.Build.0 = Release|Any CPU
		{D53CCEC4-D149-404F-821B-679EC2A20598}.Debug|Any CPU.ActiveCfg = Debug|Any CPU
		{D53CCEC4-D149-404F-821B-679EC2A20598}.Debug|Any CPU.Build.0 = Debug|Any CPU
		{D53CCEC4-D149-404F-821B-679EC2A20598}.Debug|x64.ActiveCfg = Debug|Any CPU
		{D53CCEC4-D149-404F-821B-679EC2A20598}.Debug|x64.Build.0 = Debug|Any CPU
		{D53CCEC4-D149-404F-821B-679EC2A20598}.Debug|x86.ActiveCfg = Debug|Any CPU
		{D53CCEC4-D149-404F-821B-679EC2A20598}.Debug|x86.Build.0 = Debug|Any CPU
		{D53CCEC4-D149-404F-821B-679EC2A20598}.Release|Any CPU.ActiveCfg = Release|Any CPU
		{D53CCEC4-D149-404F-821B-679EC2A20598}.Release|Any CPU.Build.0 = Release|Any CPU
		{D53CCEC4-D149-404F-821B-679EC2A20598}.Release|x64.ActiveCfg = Release|Any CPU
		{D53CCEC4-D149-404F-821B-679EC2A20598}.Release|x64.Build.0 = Release|Any CPU
		{D53CCEC4-D149-404F-821B-679EC2A20598}.Release|x86.ActiveCfg = Release|Any CPU
		{D53CCEC4-D149-404F-821B-679EC2A20598}.Release|x86.Build.0 = Release|Any CPU
		{937E90DB-F86F-411C-9A3A-84B86970B47E}.Debug|Any CPU.ActiveCfg = Debug|Any CPU
		{937E90DB-F86F-411C-9A3A-84B86970B47E}.Debug|Any CPU.Build.0 = Debug|Any CPU
		{937E90DB-F86F-411C-9A3A-84B86970B47E}.Debug|x64.ActiveCfg = Debug|Any CPU
		{937E90DB-F86F-411C-9A3A-84B86970B47E}.Debug|x64.Build.0 = Debug|Any CPU
		{937E90DB-F86F-411C-9A3A-84B86970B47E}.Debug|x86.ActiveCfg = Debug|Any CPU
		{937E90DB-F86F-411C-9A3A-84B86970B47E}.Debug|x86.Build.0 = Debug|Any CPU
		{937E90DB-F86F-411C-9A3A-84B86970B47E}.Release|Any CPU.ActiveCfg = Release|Any CPU
		{937E90DB-F86F-411C-9A3A-84B86970B47E}.Release|Any CPU.Build.0 = Release|Any CPU
		{937E90DB-F86F-411C-9A3A-84B86970B47E}.Release|x64.ActiveCfg = Release|Any CPU
		{937E90DB-F86F-411C-9A3A-84B86970B47E}.Release|x64.Build.0 = Release|Any CPU
		{937E90DB-F86F-411C-9A3A-84B86970B47E}.Release|x86.ActiveCfg = Release|Any CPU
		{937E90DB-F86F-411C-9A3A-84B86970B47E}.Release|x86.Build.0 = Release|Any CPU
		{DF03357C-215E-4DEC-ACD8-459BA9417AC4}.Debug|Any CPU.ActiveCfg = Debug|Any CPU
		{DF03357C-215E-4DEC-ACD8-459BA9417AC4}.Debug|Any CPU.Build.0 = Debug|Any CPU
		{DF03357C-215E-4DEC-ACD8-459BA9417AC4}.Debug|x64.ActiveCfg = Debug|Any CPU
		{DF03357C-215E-4DEC-ACD8-459BA9417AC4}.Debug|x64.Build.0 = Debug|Any CPU
		{DF03357C-215E-4DEC-ACD8-459BA9417AC4}.Debug|x86.ActiveCfg = Debug|Any CPU
		{DF03357C-215E-4DEC-ACD8-459BA9417AC4}.Debug|x86.Build.0 = Debug|Any CPU
		{DF03357C-215E-4DEC-ACD8-459BA9417AC4}.Release|Any CPU.ActiveCfg = Release|Any CPU
		{DF03357C-215E-4DEC-ACD8-459BA9417AC4}.Release|Any CPU.Build.0 = Release|Any CPU
		{DF03357C-215E-4DEC-ACD8-459BA9417AC4}.Release|x64.ActiveCfg = Release|Any CPU
		{DF03357C-215E-4DEC-ACD8-459BA9417AC4}.Release|x64.Build.0 = Release|Any CPU
		{DF03357C-215E-4DEC-ACD8-459BA9417AC4}.Release|x86.ActiveCfg = Release|Any CPU
		{DF03357C-215E-4DEC-ACD8-459BA9417AC4}.Release|x86.Build.0 = Release|Any CPU
		{9D2EB44D-A574-4D17-8B4C-23433FCA6F38}.Debug|Any CPU.ActiveCfg = Debug|Any CPU
		{9D2EB44D-A574-4D17-8B4C-23433FCA6F38}.Debug|Any CPU.Build.0 = Debug|Any CPU
		{9D2EB44D-A574-4D17-8B4C-23433FCA6F38}.Debug|x64.ActiveCfg = Debug|Any CPU
		{9D2EB44D-A574-4D17-8B4C-23433FCA6F38}.Debug|x64.Build.0 = Debug|Any CPU
		{9D2EB44D-A574-4D17-8B4C-23433FCA6F38}.Debug|x86.ActiveCfg = Debug|Any CPU
		{9D2EB44D-A574-4D17-8B4C-23433FCA6F38}.Debug|x86.Build.0 = Debug|Any CPU
		{9D2EB44D-A574-4D17-8B4C-23433FCA6F38}.Release|Any CPU.ActiveCfg = Release|Any CPU
		{9D2EB44D-A574-4D17-8B4C-23433FCA6F38}.Release|Any CPU.Build.0 = Release|Any CPU
		{9D2EB44D-A574-4D17-8B4C-23433FCA6F38}.Release|x64.ActiveCfg = Release|Any CPU
		{9D2EB44D-A574-4D17-8B4C-23433FCA6F38}.Release|x64.Build.0 = Release|Any CPU
		{9D2EB44D-A574-4D17-8B4C-23433FCA6F38}.Release|x86.ActiveCfg = Release|Any CPU
		{9D2EB44D-A574-4D17-8B4C-23433FCA6F38}.Release|x86.Build.0 = Release|Any CPU
		{7314389F-89FC-4C61-A05C-34F80134C9CB}.Debug|Any CPU.ActiveCfg = Debug|Any CPU
		{7314389F-89FC-4C61-A05C-34F80134C9CB}.Debug|Any CPU.Build.0 = Debug|Any CPU
		{7314389F-89FC-4C61-A05C-34F80134C9CB}.Debug|x64.ActiveCfg = Debug|Any CPU
		{7314389F-89FC-4C61-A05C-34F80134C9CB}.Debug|x64.Build.0 = Debug|Any CPU
		{7314389F-89FC-4C61-A05C-34F80134C9CB}.Debug|x86.ActiveCfg = Debug|Any CPU
		{7314389F-89FC-4C61-A05C-34F80134C9CB}.Debug|x86.Build.0 = Debug|Any CPU
		{7314389F-89FC-4C61-A05C-34F80134C9CB}.Release|Any CPU.ActiveCfg = Release|Any CPU
		{7314389F-89FC-4C61-A05C-34F80134C9CB}.Release|Any CPU.Build.0 = Release|Any CPU
		{7314389F-89FC-4C61-A05C-34F80134C9CB}.Release|x64.ActiveCfg = Release|Any CPU
		{7314389F-89FC-4C61-A05C-34F80134C9CB}.Release|x64.Build.0 = Release|Any CPU
		{7314389F-89FC-4C61-A05C-34F80134C9CB}.Release|x86.ActiveCfg = Release|Any CPU
		{7314389F-89FC-4C61-A05C-34F80134C9CB}.Release|x86.Build.0 = Release|Any CPU
	EndGlobalSection
	GlobalSection(SolutionProperties) = preSolution
		HideSolutionNode = FALSE
	EndGlobalSection
	GlobalSection(NestedProjects) = preSolution
		{4D51ED54-45FA-4CB4-9C85-7EB3C5C085C7} = {F90ED9A0-E1E8-43E7-B90B-36AC99AD4CE6}
		{393DE002-6944-4383-9BE3-0B988DD0F758} = {F90ED9A0-E1E8-43E7-B90B-36AC99AD4CE6}
		{82BFC8AD-4319-4467-9920-84624325B5F4} = {F90ED9A0-E1E8-43E7-B90B-36AC99AD4CE6}
		{B3EFDDFE-5A73-4019-A91A-F49DDC8A8C5D} = {4DD717FE-735A-4B0C-8F48-B64778712C56}
		{E33DB226-1845-4621-8CD2-9D5DF921DCBF} = {B8046CE4-2856-466F-A3CA-2433AFA250E1}
		{0B5B1C7D-1E4F-4303-96FE-B3E57BC93AF3} = {F90ED9A0-E1E8-43E7-B90B-36AC99AD4CE6}
		{7F77FFC0-5AF6-44CE-8E84-157F1706F3C8} = {F90ED9A0-E1E8-43E7-B90B-36AC99AD4CE6}
		{EE2087B1-724B-44E9-86BA-CFE556807B44} = {15A8E507-A923-4130-AC54-C78A8599B811}
		{5F0047A6-4F17-456B-8058-E36F0DA2DB3E} = {F90ED9A0-E1E8-43E7-B90B-36AC99AD4CE6}
		{7D75E0CE-4B5D-40D7-B405-E9339775E1A9} = {F90ED9A0-E1E8-43E7-B90B-36AC99AD4CE6}
		{78D06299-83C1-4567-BAE2-A0D6EBDB0641} = {F90ED9A0-E1E8-43E7-B90B-36AC99AD4CE6}
		{89426063-637A-4FE6-8403-FACE4D72F692} = {4DD717FE-735A-4B0C-8F48-B64778712C56}
		{77181268-A44F-4A98-9229-82494CCA75B5} = {B8046CE4-2856-466F-A3CA-2433AFA250E1}
		{E1948230-36AE-4F06-8636-78491CDF382F} = {15A8E507-A923-4130-AC54-C78A8599B811}
		{D1DC81E5-0AD6-47B5-9D42-734A4F793D3C} = {F90ED9A0-E1E8-43E7-B90B-36AC99AD4CE6}
		{CAFCBD57-66BC-412F-9156-2BAFDDC8039F} = {EED62B40-038C-4D97-BCC4-8742823C4EE4}
		{6187D255-B889-45B7-A876-A4A6ADEABC8D} = {F90ED9A0-E1E8-43E7-B90B-36AC99AD4CE6}
		{D56D3E0C-F2B0-43EC-B71A-5AC8AAFFA997} = {F90ED9A0-E1E8-43E7-B90B-36AC99AD4CE6}
		{0E734A0C-80DC-4470-A232-86C2EC0D0285} = {F90ED9A0-E1E8-43E7-B90B-36AC99AD4CE6}
		{135BD7EA-EB7A-4741-A0C6-8751A0517D35} = {F90ED9A0-E1E8-43E7-B90B-36AC99AD4CE6}
		{2011BED4-9E46-4C2B-9345-13CB7CA69C11} = {F90ED9A0-E1E8-43E7-B90B-36AC99AD4CE6}
		{559BB927-6D42-4E8C-AFED-32A7338B4020} = {F90ED9A0-E1E8-43E7-B90B-36AC99AD4CE6}
		{D53CCEC4-D149-404F-821B-679EC2A20598} = {F90ED9A0-E1E8-43E7-B90B-36AC99AD4CE6}
		{937E90DB-F86F-411C-9A3A-84B86970B47E} = {4DD717FE-735A-4B0C-8F48-B64778712C56}
		{DF03357C-215E-4DEC-ACD8-459BA9417AC4} = {15A8E507-A923-4130-AC54-C78A8599B811}
		{9D2EB44D-A574-4D17-8B4C-23433FCA6F38} = {B8046CE4-2856-466F-A3CA-2433AFA250E1}
		{7314389F-89FC-4C61-A05C-34F80134C9CB} = {515E37C7-527C-497C-BDC7-D62BADECCB3A}
	EndGlobalSection
	GlobalSection(ExtensibilityGlobals) = postSolution
		SolutionGuid = {8E280A1F-4292-47F0-906B-42A22086E4FD}
	EndGlobalSection
EndGlobal
